// !$*UTF8*$!
{
	archiveVersion = 1;
	classes = {
	};
	objectVersion = 46;
	objects = {

/* Begin PBXBuildFile section */
		882C09611F1E99CD00B004FD /* main.m in Sources */ = {isa = PBXBuildFile; fileRef = 882C09601F1E99CD00B004FD /* main.m */; };
		882C09641F1E99CD00B004FD /* AppDelegate.m in Sources */ = {isa = PBXBuildFile; fileRef = 882C09631F1E99CD00B004FD /* AppDelegate.m */; };
		882C09671F1E99CD00B004FD /* ViewController.m in Sources */ = {isa = PBXBuildFile; fileRef = 882C09661F1E99CD00B004FD /* ViewController.m */; };
		882C096A1F1E99CD00B004FD /* Main.storyboard in Resources */ = {isa = PBXBuildFile; fileRef = 882C09681F1E99CD00B004FD /* Main.storyboard */; };
		882C096C1F1E99CD00B004FD /* Assets.xcassets in Resources */ = {isa = PBXBuildFile; fileRef = 882C096B1F1E99CD00B004FD /* Assets.xcassets */; };
		882C096F1F1E99CD00B004FD /* LaunchScreen.storyboard in Resources */ = {isa = PBXBuildFile; fileRef = 882C096D1F1E99CD00B004FD /* LaunchScreen.storyboard */; };
		882C097A1F1E99CE00B004FD /* _w4d2_catMapTests.m in Sources */ = {isa = PBXBuildFile; fileRef = 882C09791F1E99CE00B004FD /* _w4d2_catMapTests.m */; };
		882C09861F1E9B2500B004FD /* FirstViewController.m in Sources */ = {isa = PBXBuildFile; fileRef = 882C09851F1E9B2500B004FD /* FirstViewController.m */; };
		882C09891F1E9B5D00B004FD /* PhotoCollectionViewCell.m in Sources */ = {isa = PBXBuildFile; fileRef = 882C09881F1E9B5D00B004FD /* PhotoCollectionViewCell.m */; };
		882C098C1F1E9CFB00B004FD /* Photo.m in Sources */ = {isa = PBXBuildFile; fileRef = 882C098B1F1E9CFB00B004FD /* Photo.m */; };
		882C098F1F1EA3E000B004FD /* DetailViewController.m in Sources */ = {isa = PBXBuildFile; fileRef = 882C098E1F1EA3E000B004FD /* DetailViewController.m */; };
		882C09961F1EA8AA00B004FD /* FlickrAPI.m in Sources */ = {isa = PBXBuildFile; fileRef = 882C09951F1EA8AA00B004FD /* FlickrAPI.m */; };
/* End PBXBuildFile section */

/* Begin PBXContainerItemProxy section */
		882C09761F1E99CE00B004FD /* PBXContainerItemProxy */ = {
			isa = PBXContainerItemProxy;
			containerPortal = 882C09541F1E99CC00B004FD /* Project object */;
			proxyType = 1;
			remoteGlobalIDString = 882C095B1F1E99CD00B004FD;
			remoteInfo = 2w4d2_catMap;
		};
/* End PBXContainerItemProxy section */

/* Begin PBXFileReference section */
		882C095C1F1E99CD00B004FD /* 2w4d2_catMap.app */ = {isa = PBXFileReference; explicitFileType = wrapper.application; includeInIndex = 0; path = 2w4d2_catMap.app; sourceTree = BUILT_PRODUCTS_DIR; };
		882C09601F1E99CD00B004FD /* main.m */ = {isa = PBXFileReference; lastKnownFileType = sourcecode.c.objc; path = main.m; sourceTree = "<group>"; };
		882C09621F1E99CD00B004FD /* AppDelegate.h */ = {isa = PBXFileReference; lastKnownFileType = sourcecode.c.h; path = AppDelegate.h; sourceTree = "<group>"; };
		882C09631F1E99CD00B004FD /* AppDelegate.m */ = {isa = PBXFileReference; lastKnownFileType = sourcecode.c.objc; path = AppDelegate.m; sourceTree = "<group>"; };
		882C09651F1E99CD00B004FD /* ViewController.h */ = {isa = PBXFileReference; lastKnownFileType = sourcecode.c.h; path = ViewController.h; sourceTree = "<group>"; };
		882C09661F1E99CD00B004FD /* ViewController.m */ = {isa = PBXFileReference; lastKnownFileType = sourcecode.c.objc; path = ViewController.m; sourceTree = "<group>"; };
		882C09691F1E99CD00B004FD /* Base */ = {isa = PBXFileReference; lastKnownFileType = file.storyboard; name = Base; path = Base.lproj/Main.storyboard; sourceTree = "<group>"; };
		882C096B1F1E99CD00B004FD /* Assets.xcassets */ = {isa = PBXFileReference; lastKnownFileType = folder.assetcatalog; path = Assets.xcassets; sourceTree = "<group>"; };
		882C096E1F1E99CD00B004FD /* Base */ = {isa = PBXFileReference; lastKnownFileType = file.storyboard; name = Base; path = Base.lproj/LaunchScreen.storyboard; sourceTree = "<group>"; };
		882C09701F1E99CD00B004FD /* Info.plist */ = {isa = PBXFileReference; lastKnownFileType = text.plist.xml; path = Info.plist; sourceTree = "<group>"; };
		882C09751F1E99CE00B004FD /* 2w4d2_catMapTests.xctest */ = {isa = PBXFileReference; explicitFileType = wrapper.cfbundle; includeInIndex = 0; path = 2w4d2_catMapTests.xctest; sourceTree = BUILT_PRODUCTS_DIR; };
		882C09791F1E99CE00B004FD /* _w4d2_catMapTests.m */ = {isa = PBXFileReference; lastKnownFileType = sourcecode.c.objc; path = _w4d2_catMapTests.m; sourceTree = "<group>"; };
		882C097B1F1E99CE00B004FD /* Info.plist */ = {isa = PBXFileReference; lastKnownFileType = text.plist.xml; path = Info.plist; sourceTree = "<group>"; };
		882C09841F1E9B2500B004FD /* FirstViewController.h */ = {isa = PBXFileReference; fileEncoding = 4; lastKnownFileType = sourcecode.c.h; path = FirstViewController.h; sourceTree = "<group>"; };
		882C09851F1E9B2500B004FD /* FirstViewController.m */ = {isa = PBXFileReference; fileEncoding = 4; lastKnownFileType = sourcecode.c.objc; path = FirstViewController.m; sourceTree = "<group>"; };
		882C09871F1E9B5D00B004FD /* PhotoCollectionViewCell.h */ = {isa = PBXFileReference; fileEncoding = 4; lastKnownFileType = sourcecode.c.h; path = PhotoCollectionViewCell.h; sourceTree = "<group>"; };
		882C09881F1E9B5D00B004FD /* PhotoCollectionViewCell.m */ = {isa = PBXFileReference; fileEncoding = 4; lastKnownFileType = sourcecode.c.objc; path = PhotoCollectionViewCell.m; sourceTree = "<group>"; };
		882C098A1F1E9CFB00B004FD /* Photo.h */ = {isa = PBXFileReference; fileEncoding = 4; lastKnownFileType = sourcecode.c.h; path = Photo.h; sourceTree = "<group>"; };
		882C098B1F1E9CFB00B004FD /* Photo.m */ = {isa = PBXFileReference; fileEncoding = 4; lastKnownFileType = sourcecode.c.objc; path = Photo.m; sourceTree = "<group>"; };
		882C098D1F1EA3E000B004FD /* DetailViewController.h */ = {isa = PBXFileReference; fileEncoding = 4; lastKnownFileType = sourcecode.c.h; path = DetailViewController.h; sourceTree = "<group>"; };
		882C098E1F1EA3E000B004FD /* DetailViewController.m */ = {isa = PBXFileReference; fileEncoding = 4; lastKnownFileType = sourcecode.c.objc; path = DetailViewController.m; sourceTree = "<group>"; };
		882C09941F1EA8AA00B004FD /* FlickrAPI.h */ = {isa = PBXFileReference; fileEncoding = 4; lastKnownFileType = sourcecode.c.h; name = FlickrAPI.h; path = ../FlickrAPI.h; sourceTree = "<group>"; };
		882C09951F1EA8AA00B004FD /* FlickrAPI.m */ = {isa = PBXFileReference; fileEncoding = 4; lastKnownFileType = sourcecode.c.objc; name = FlickrAPI.m; path = ../FlickrAPI.m; sourceTree = "<group>"; };
		882C09971F1EA8BD00B004FD /* Key.h */ = {isa = PBXFileReference; lastKnownFileType = sourcecode.c.h; name = Key.h; path = ../Key.h; sourceTree = "<group>"; };
/* End PBXFileReference section */

/* Begin PBXFrameworksBuildPhase section */
		882C09591F1E99CD00B004FD /* Frameworks */ = {
			isa = PBXFrameworksBuildPhase;
			buildActionMask = 2147483647;
			files = (
			);
			runOnlyForDeploymentPostprocessing = 0;
		};
		882C09721F1E99CE00B004FD /* Frameworks */ = {
			isa = PBXFrameworksBuildPhase;
			buildActionMask = 2147483647;
			files = (
			);
			runOnlyForDeploymentPostprocessing = 0;
		};
/* End PBXFrameworksBuildPhase section */

/* Begin PBXGroup section */
		882C09531F1E99CC00B004FD = {
			isa = PBXGroup;
			children = (
				882C095E1F1E99CD00B004FD /* 2w4d2_catMap */,
				882C09781F1E99CE00B004FD /* 2w4d2_catMapTests */,
				882C095D1F1E99CD00B004FD /* Products */,
			);
			sourceTree = "<group>";
		};
		882C095D1F1E99CD00B004FD /* Products */ = {
			isa = PBXGroup;
			children = (
				882C095C1F1E99CD00B004FD /* 2w4d2_catMap.app */,
				882C09751F1E99CE00B004FD /* 2w4d2_catMapTests.xctest */,
			);
			name = Products;
			sourceTree = "<group>";
		};
		882C095E1F1E99CD00B004FD /* 2w4d2_catMap */ = {
			isa = PBXGroup;
			children = (
				882C09931F1EA86500B004FD /* View */,
				882C09921F1EA84B00B004FD /* Controller */,
				882C09911F1EA82B00B004FD /* Model */,
				882C09901F1EA82300B004FD /* UI */,
				882C096B1F1E99CD00B004FD /* Assets.xcassets */,
				882C09701F1E99CD00B004FD /* Info.plist */,
				882C095F1F1E99CD00B004FD /* Supporting Files */,
			);
			path = 2w4d2_catMap;
			sourceTree = "<group>";
		};
		882C095F1F1E99CD00B004FD /* Supporting Files */ = {
			isa = PBXGroup;
			children = (
				882C09601F1E99CD00B004FD /* main.m */,
			);
			name = "Supporting Files";
			sourceTree = "<group>";
		};
		882C09781F1E99CE00B004FD /* 2w4d2_catMapTests */ = {
			isa = PBXGroup;
			children = (
				882C09791F1E99CE00B004FD /* _w4d2_catMapTests.m */,
				882C097B1F1E99CE00B004FD /* Info.plist */,
			);
			path = 2w4d2_catMapTests;
			sourceTree = "<group>";
		};
		882C09901F1EA82300B004FD /* UI */ = {
			isa = PBXGroup;
			children = (
				882C09681F1E99CD00B004FD /* Main.storyboard */,
				882C096D1F1E99CD00B004FD /* LaunchScreen.storyboard */,
			);
			name = UI;
			sourceTree = "<group>";
		};
		882C09911F1EA82B00B004FD /* Model */ = {
			isa = PBXGroup;
			children = (
				882C09941F1EA8AA00B004FD /* FlickrAPI.h */,
				882C09951F1EA8AA00B004FD /* FlickrAPI.m */,
				882C09971F1EA8BD00B004FD /* Key.h */,
				882C098A1F1E9CFB00B004FD /* Photo.h */,
				882C098B1F1E9CFB00B004FD /* Photo.m */,
			);
			name = Model;
			sourceTree = "<group>";
		};
		882C09921F1EA84B00B004FD /* Controller */ = {
			isa = PBXGroup;
			children = (
				882C09621F1E99CD00B004FD /* AppDelegate.h */,
				882C09631F1E99CD00B004FD /* AppDelegate.m */,
				882C09651F1E99CD00B004FD /* ViewController.h */,
				882C09661F1E99CD00B004FD /* ViewController.m */,
				882C09841F1E9B2500B004FD /* FirstViewController.h */,
				882C09851F1E9B2500B004FD /* FirstViewController.m */,
				882C098D1F1EA3E000B004FD /* DetailViewController.h */,
				882C098E1F1EA3E000B004FD /* DetailViewController.m */,
			);
			name = Controller;
			sourceTree = "<group>";
		};
		882C09931F1EA86500B004FD /* View */ = {
			isa = PBXGroup;
			children = (
				882C09871F1E9B5D00B004FD /* PhotoCollectionViewCell.h */,
				882C09881F1E9B5D00B004FD /* PhotoCollectionViewCell.m */,
			);
			name = View;
			sourceTree = "<group>";
		};
/* End PBXGroup section */

/* Begin PBXNativeTarget section */
		882C095B1F1E99CD00B004FD /* 2w4d2_catMap */ = {
			isa = PBXNativeTarget;
			buildConfigurationList = 882C097E1F1E99CE00B004FD /* Build configuration list for PBXNativeTarget "2w4d2_catMap" */;
			buildPhases = (
				882C09581F1E99CD00B004FD /* Sources */,
				882C09591F1E99CD00B004FD /* Frameworks */,
				882C095A1F1E99CD00B004FD /* Resources */,
			);
			buildRules = (
			);
			dependencies = (
			);
			name = 2w4d2_catMap;
			productName = 2w4d2_catMap;
			productReference = 882C095C1F1E99CD00B004FD /* 2w4d2_catMap.app */;
			productType = "com.apple.product-type.application";
		};
		882C09741F1E99CE00B004FD /* 2w4d2_catMapTests */ = {
			isa = PBXNativeTarget;
			buildConfigurationList = 882C09811F1E99CE00B004FD /* Build configuration list for PBXNativeTarget "2w4d2_catMapTests" */;
			buildPhases = (
				882C09711F1E99CE00B004FD /* Sources */,
				882C09721F1E99CE00B004FD /* Frameworks */,
				882C09731F1E99CE00B004FD /* Resources */,
			);
			buildRules = (
			);
			dependencies = (
				882C09771F1E99CE00B004FD /* PBXTargetDependency */,
			);
			name = 2w4d2_catMapTests;
			productName = 2w4d2_catMapTests;
			productReference = 882C09751F1E99CE00B004FD /* 2w4d2_catMapTests.xctest */;
			productType = "com.apple.product-type.bundle.unit-test";
		};
/* End PBXNativeTarget section */

/* Begin PBXProject section */
		882C09541F1E99CC00B004FD /* Project object */ = {
			isa = PBXProject;
			attributes = {
				LastUpgradeCheck = 0830;
				ORGANIZATIONNAME = Seantastic31;
				TargetAttributes = {
					882C095B1F1E99CD00B004FD = {
						CreatedOnToolsVersion = 8.3.3;
						ProvisioningStyle = Automatic;
					};
					882C09741F1E99CE00B004FD = {
						CreatedOnToolsVersion = 8.3.3;
						ProvisioningStyle = Automatic;
						TestTargetID = 882C095B1F1E99CD00B004FD;
					};
				};
			};
			buildConfigurationList = 882C09571F1E99CC00B004FD /* Build configuration list for PBXProject "2w4d2_catMap" */;
			compatibilityVersion = "Xcode 3.2";
			developmentRegion = English;
			hasScannedForEncodings = 0;
			knownRegions = (
				en,
				Base,
			);
			mainGroup = 882C09531F1E99CC00B004FD;
			productRefGroup = 882C095D1F1E99CD00B004FD /* Products */;
			projectDirPath = "";
			projectRoot = "";
			targets = (
				882C095B1F1E99CD00B004FD /* 2w4d2_catMap */,
				882C09741F1E99CE00B004FD /* 2w4d2_catMapTests */,
			);
		};
/* End PBXProject section */

/* Begin PBXResourcesBuildPhase section */
		882C095A1F1E99CD00B004FD /* Resources */ = {
			isa = PBXResourcesBuildPhase;
			buildActionMask = 2147483647;
			files = (
				882C096F1F1E99CD00B004FD /* LaunchScreen.storyboard in Resources */,
				882C096C1F1E99CD00B004FD /* Assets.xcassets in Resources */,
				882C096A1F1E99CD00B004FD /* Main.storyboard in Resources */,
			);
			runOnlyForDeploymentPostprocessing = 0;
		};
		882C09731F1E99CE00B004FD /* Resources */ = {
			isa = PBXResourcesBuildPhase;
			buildActionMask = 2147483647;
			files = (
			);
			runOnlyForDeploymentPostprocessing = 0;
		};
/* End PBXResourcesBuildPhase section */

/* Begin PBXSourcesBuildPhase section */
		882C09581F1E99CD00B004FD /* Sources */ = {
			isa = PBXSourcesBuildPhase;
			buildActionMask = 2147483647;
			files = (
				882C098C1F1E9CFB00B004FD /* Photo.m in Sources */,
				882C09671F1E99CD00B004FD /* ViewController.m in Sources */,
				882C09641F1E99CD00B004FD /* AppDelegate.m in Sources */,
				882C09961F1EA8AA00B004FD /* FlickrAPI.m in Sources */,
				882C09611F1E99CD00B004FD /* main.m in Sources */,
				882C09891F1E9B5D00B004FD /* PhotoCollectionViewCell.m in Sources */,
				882C09861F1E9B2500B004FD /* FirstViewController.m in Sources */,
				882C098F1F1EA3E000B004FD /* DetailViewController.m in Sources */,
			);
			runOnlyForDeploymentPostprocessing = 0;
		};
		882C09711F1E99CE00B004FD /* Sources */ = {
			isa = PBXSourcesBuildPhase;
			buildActionMask = 2147483647;
			files = (
				882C097A1F1E99CE00B004FD /* _w4d2_catMapTests.m in Sources */,
			);
			runOnlyForDeploymentPostprocessing = 0;
		};
/* End PBXSourcesBuildPhase section */

/* Begin PBXTargetDependency section */
		882C09771F1E99CE00B004FD /* PBXTargetDependency */ = {
			isa = PBXTargetDependency;
			target = 882C095B1F1E99CD00B004FD /* 2w4d2_catMap */;
			targetProxy = 882C09761F1E99CE00B004FD /* PBXContainerItemProxy */;
		};
/* End PBXTargetDependency section */

/* Begin PBXVariantGroup section */
		882C09681F1E99CD00B004FD /* Main.storyboard */ = {
			isa = PBXVariantGroup;
			children = (
				882C09691F1E99CD00B004FD /* Base */,
			);
			name = Main.storyboard;
			sourceTree = "<group>";
		};
		882C096D1F1E99CD00B004FD /* LaunchScreen.storyboard */ = {
			isa = PBXVariantGroup;
			children = (
				882C096E1F1E99CD00B004FD /* Base */,
			);
			name = LaunchScreen.storyboard;
			sourceTree = "<group>";
		};
/* End PBXVariantGroup section */

/* Begin XCBuildConfiguration section */
		882C097C1F1E99CE00B004FD /* Debug */ = {
			isa = XCBuildConfiguration;
			buildSettings = {
				ALWAYS_SEARCH_USER_PATHS = NO;
				CLANG_ANALYZER_NONNULL = YES;
				CLANG_ANALYZER_NUMBER_OBJECT_CONVERSION = YES_AGGRESSIVE;
				CLANG_CXX_LANGUAGE_STANDARD = "gnu++0x";
				CLANG_CXX_LIBRARY = "libc++";
				CLANG_ENABLE_MODULES = YES;
				CLANG_ENABLE_OBJC_ARC = YES;
				CLANG_WARN_BOOL_CONVERSION = YES;
				CLANG_WARN_CONSTANT_CONVERSION = YES;
				CLANG_WARN_DIRECT_OBJC_ISA_USAGE = YES_ERROR;
				CLANG_WARN_DOCUMENTATION_COMMENTS = YES;
				CLANG_WARN_EMPTY_BODY = YES;
				CLANG_WARN_ENUM_CONVERSION = YES;
				CLANG_WARN_INFINITE_RECURSION = YES;
				CLANG_WARN_INT_CONVERSION = YES;
				CLANG_WARN_OBJC_ROOT_CLASS = YES_ERROR;
				CLANG_WARN_SUSPICIOUS_MOVE = YES;
				CLANG_WARN_UNREACHABLE_CODE = YES;
				CLANG_WARN__DUPLICATE_METHOD_MATCH = YES;
				"CODE_SIGN_IDENTITY[sdk=iphoneos*]" = "iPhone Developer";
				COPY_PHASE_STRIP = NO;
				DEBUG_INFORMATION_FORMAT = dwarf;
				ENABLE_STRICT_OBJC_MSGSEND = YES;
				ENABLE_TESTABILITY = YES;
				GCC_C_LANGUAGE_STANDARD = gnu99;
				GCC_DYNAMIC_NO_PIC = NO;
				GCC_NO_COMMON_BLOCKS = YES;
				GCC_OPTIMIZATION_LEVEL = 0;
				GCC_PREPROCESSOR_DEFINITIONS = (
					"DEBUG=1",
					"$(inherited)",
				);
				GCC_WARN_64_TO_32_BIT_CONVERSION = YES;
				GCC_WARN_ABOUT_RETURN_TYPE = YES_ERROR;
				GCC_WARN_UNDECLARED_SELECTOR = YES;
				GCC_WARN_UNINITIALIZED_AUTOS = YES_AGGRESSIVE;
				GCC_WARN_UNUSED_FUNCTION = YES;
				GCC_WARN_UNUSED_VARIABLE = YES;
				IPHONEOS_DEPLOYMENT_TARGET = 10.3;
				MTL_ENABLE_DEBUG_INFO = YES;
				ONLY_ACTIVE_ARCH = YES;
				SDKROOT = iphoneos;
				TARGETED_DEVICE_FAMILY = "1,2";
			};
			name = Debug;
		};
		882C097D1F1E99CE00B004FD /* Release */ = {
			isa = XCBuildConfiguration;
			buildSettings = {
				ALWAYS_SEARCH_USER_PATHS = NO;
				CLANG_ANALYZER_NONNULL = YES;
				CLANG_ANALYZER_NUMBER_OBJECT_CONVERSION = YES_AGGRESSIVE;
				CLANG_CXX_LANGUAGE_STANDARD = "gnu++0x";
				CLANG_CXX_LIBRARY = "libc++";
				CLANG_ENABLE_MODULES = YES;
				CLANG_ENABLE_OBJC_ARC = YES;
				CLANG_WARN_BOOL_CONVERSION = YES;
				CLANG_WARN_CONSTANT_CONVERSION = YES;
				CLANG_WARN_DIRECT_OBJC_ISA_USAGE = YES_ERROR;
				CLANG_WARN_DOCUMENTATION_COMMENTS = YES;
				CLANG_WARN_EMPTY_BODY = YES;
				CLANG_WARN_ENUM_CONVERSION = YES;
				CLANG_WARN_INFINITE_RECURSION = YES;
				CLANG_WARN_INT_CONVERSION = YES;
				CLANG_WARN_OBJC_ROOT_CLASS = YES_ERROR;
				CLANG_WARN_SUSPICIOUS_MOVE = YES;
				CLANG_WARN_UNREACHABLE_CODE = YES;
				CLANG_WARN__DUPLICATE_METHOD_MATCH = YES;
				"CODE_SIGN_IDENTITY[sdk=iphoneos*]" = "iPhone Developer";
				COPY_PHASE_STRIP = NO;
				DEBUG_INFORMATION_FORMAT = "dwarf-with-dsym";
				ENABLE_NS_ASSERTIONS = NO;
				ENABLE_STRICT_OBJC_MSGSEND = YES;
				GCC_C_LANGUAGE_STANDARD = gnu99;
				GCC_NO_COMMON_BLOCKS = YES;
				GCC_WARN_64_TO_32_BIT_CONVERSION = YES;
				GCC_WARN_ABOUT_RETURN_TYPE = YES_ERROR;
				GCC_WARN_UNDECLARED_SELECTOR = YES;
				GCC_WARN_UNINITIALIZED_AUTOS = YES_AGGRESSIVE;
				GCC_WARN_UNUSED_FUNCTION = YES;
				GCC_WARN_UNUSED_VARIABLE = YES;
				IPHONEOS_DEPLOYMENT_TARGET = 10.3;
				MTL_ENABLE_DEBUG_INFO = NO;
				SDKROOT = iphoneos;
				TARGETED_DEVICE_FAMILY = "1,2";
				VALIDATE_PRODUCT = YES;
			};
			name = Release;
		};
		882C097F1F1E99CE00B004FD /* Debug */ = {
			isa = XCBuildConfiguration;
			buildSettings = {
				ASSETCATALOG_COMPILER_APPICON_NAME = AppIcon;
				INFOPLIST_FILE = 2w4d2_catMap/Info.plist;
				LD_RUNPATH_SEARCH_PATHS = "$(inherited) @executable_path/Frameworks";
				PRODUCT_BUNDLE_IDENTIFIER = "Lighthouse-Lab.-w4d2-catMap";
				PRODUCT_NAME = "$(TARGET_NAME)";
			};
			name = Debug;
		};
		882C09801F1E99CE00B004FD /* Release */ = {
			isa = XCBuildConfiguration;
			buildSettings = {
				ASSETCATALOG_COMPILER_APPICON_NAME = AppIcon;
				INFOPLIST_FILE = 2w4d2_catMap/Info.plist;
				LD_RUNPATH_SEARCH_PATHS = "$(inherited) @executable_path/Frameworks";
				PRODUCT_BUNDLE_IDENTIFIER = "Lighthouse-Lab.-w4d2-catMap";
				PRODUCT_NAME = "$(TARGET_NAME)";
			};
			name = Release;
		};
		882C09821F1E99CE00B004FD /* Debug */ = {
			isa = XCBuildConfiguration;
			buildSettings = {
				BUNDLE_LOADER = "$(TEST_HOST)";
				INFOPLIST_FILE = 2w4d2_catMapTests/Info.plist;
				LD_RUNPATH_SEARCH_PATHS = "$(inherited) @executable_path/Frameworks @loader_path/Frameworks";
				PRODUCT_BUNDLE_IDENTIFIER = "Lighthouse-Lab.-w4d2-catMapTests";
				PRODUCT_NAME = "$(TARGET_NAME)";
				TEST_HOST = "$(BUILT_PRODUCTS_DIR)/2w4d2_catMap.app/2w4d2_catMap";
			};
			name = Debug;
		};
		882C09831F1E99CE00B004FD /* Release */ = {
			isa = XCBuildConfiguration;
			buildSettings = {
				BUNDLE_LOADER = "$(TEST_HOST)";
				INFOPLIST_FILE = 2w4d2_catMapTests/Info.plist;
				LD_RUNPATH_SEARCH_PATHS = "$(inherited) @executable_path/Frameworks @loader_path/Frameworks";
				PRODUCT_BUNDLE_IDENTIFIER = "Lighthouse-Lab.-w4d2-catMapTests";
				PRODUCT_NAME = "$(TARGET_NAME)";
				TEST_HOST = "$(BUILT_PRODUCTS_DIR)/2w4d2_catMap.app/2w4d2_catMap";
			};
			name = Release;
		};
/* End XCBuildConfiguration section */

/* Begin XCConfigurationList section */
		882C09571F1E99CC00B004FD /* Build configuration list for PBXProject "2w4d2_catMap" */ = {
			isa = XCConfigurationList;
			buildConfigurations = (
				882C097C1F1E99CE00B004FD /* Debug */,
				882C097D1F1E99CE00B004FD /* Release */,
			);
			defaultConfigurationIsVisible = 0;
			defaultConfigurationName = Release;
		};
		882C097E1F1E99CE00B004FD /* Build configuration list for PBXNativeTarget "2w4d2_catMap" */ = {
			isa = XCConfigurationList;
			buildConfigurations = (
				882C097F1F1E99CE00B004FD /* Debug */,
				882C09801F1E99CE00B004FD /* Release */,
			);
			defaultConfigurationIsVisible = 0;
		};
		882C09811F1E99CE00B004FD /* Build configuration list for PBXNativeTarget "2w4d2_catMapTests" */ = {
			isa = XCConfigurationList;
			buildConfigurations = (
				882C09821F1E99CE00B004FD /* Debug */,
				882C09831F1E99CE00B004FD /* Release */,
			);
			defaultConfigurationIsVisible = 0;
		};
/* End XCConfigurationList section */
	};
	rootObject = 882C09541F1E99CC00B004FD /* Project object */;
}
